{
  "version": 4,
  "terraform_version": "1.3.3",
  "serial": 30,
  "lineage": "c42ec60d-43f6-5719-7eb9-82041d7c2cb6",
  "outputs": {},
  "resources": [
    {
      "mode": "managed",
      "type": "local_file",
      "name": "inventory",
      "provider": "provider[\"registry.terraform.io/hashicorp/local\"]",
      "instances": []
    },
    {
      "mode": "managed",
      "type": "openstack_compute_instance_v2",
      "name": "front",
      "provider": "provider[\"registry.terraform.io/terraform-provider-openstack/openstack\"].ovh",
      "instances": []
    },
    {
      "mode": "managed",
      "type": "openstack_compute_instance_v2",
      "name": "gra_backends",
      "provider": "provider[\"registry.terraform.io/terraform-provider-openstack/openstack\"].ovh",
      "instances": []
    },
    {
      "mode": "managed",
      "type": "openstack_compute_instance_v2",
      "name": "sbg_backends",
      "provider": "provider[\"registry.terraform.io/terraform-provider-openstack/openstack\"].ovh",
      "instances": []
    },
    {
      "mode": "managed",
      "type": "openstack_compute_keypair_v2",
      "name": "keypair_gra11",
      "provider": "provider[\"registry.terraform.io/terraform-provider-openstack/openstack\"].ovh",
      "instances": [
        {
          "schema_version": 0,
          "attributes": {
            "fingerprint": "05:46:1e:b6:7e:7f:d0:bf:6b:a2:1f:24:44:68:1d:50",
            "id": "sshkey_eductive23",
            "name": "sshkey_eductive23",
            "private_key": "",
            "public_key": "ssh-rsa AAAAB3NzaC1yc2EAAAADAQABAAACAQDPVsHNqbBB19m3ofxLGncuTZzXGIZtwQTfY4RfWHChxHhXZSA2d9XlbC1hXTbBUQ0q9yfBonb/J2HwLD+ljVf0W2vIjbrV+HOG7xaOajDsLLQTzdQzSdum/iB570VLrKcTvjUJaQ/JHSWWvgABnVKp9RlZprcKsuR50RM37lMgnBwzWXZpBHnfKo7/Y6waOEEU3uBBJuFwQXANGP5a94v54LMK557Ij1qInfJwx+U681Q1CUxlRUHtKR0uVavtzc/CNrE1B8aL+9cQuJkIt0BFi0ffHi6GKCe39kunn78TLD+GT7oFc+fMH/at/NIMNtqVWay7Cw67iBhX2fNWFthigckQxXAeB/m9KnM9LtTtyRj4ZOB/qoSxNJQfmaEDUDdz3LzQfOUFD1Zy4bpKOyT9o+BfZOCJ/84+E+exVX3ACMWPSVWl77Q9Oo1IUQMPP11X5DYocntwCgWU4PiUitLtiyAe9iyAcYGflS9JthRM6kD0jXDkYqOrlN1iNIie8058WaFCvSpj9KjsHSPUXociGgFBUgMtgP8+6ojINE6Xz3efSstyDvIq8ZtcHVeeueFbzlnTE5P6U6JBqc16HBA2p76NokX74wpBtnjju9G+Ep5wuTNYunABPG8+V1z8KQQ8tj/g/30hOo6YDJ8FU/PVTVqKXF2VT63eOMaUEvP5RQ== eductive23@master.thisistheway.ovh\n",
            "region": "GRA11",
            "value_specs": null
          },
          "sensitive_attributes": [],
          "private": "bnVsbA=="
        }
      ]
    },
    {
      "mode": "managed",
      "type": "openstack_compute_keypair_v2",
      "name": "keypair_sbg5",
      "provider": "provider[\"registry.terraform.io/terraform-provider-openstack/openstack\"].ovh",
      "instances": [
        {
          "schema_version": 0,
          "attributes": {
            "fingerprint": "05:46:1e:b6:7e:7f:d0:bf:6b:a2:1f:24:44:68:1d:50",
            "id": "sshkey_eductive23",
            "name": "sshkey_eductive23",
            "private_key": "",
            "public_key": "ssh-rsa AAAAB3NzaC1yc2EAAAADAQABAAACAQDPVsHNqbBB19m3ofxLGncuTZzXGIZtwQTfY4RfWHChxHhXZSA2d9XlbC1hXTbBUQ0q9yfBonb/J2HwLD+ljVf0W2vIjbrV+HOG7xaOajDsLLQTzdQzSdum/iB570VLrKcTvjUJaQ/JHSWWvgABnVKp9RlZprcKsuR50RM37lMgnBwzWXZpBHnfKo7/Y6waOEEU3uBBJuFwQXANGP5a94v54LMK557Ij1qInfJwx+U681Q1CUxlRUHtKR0uVavtzc/CNrE1B8aL+9cQuJkIt0BFi0ffHi6GKCe39kunn78TLD+GT7oFc+fMH/at/NIMNtqVWay7Cw67iBhX2fNWFthigckQxXAeB/m9KnM9LtTtyRj4ZOB/qoSxNJQfmaEDUDdz3LzQfOUFD1Zy4bpKOyT9o+BfZOCJ/84+E+exVX3ACMWPSVWl77Q9Oo1IUQMPP11X5DYocntwCgWU4PiUitLtiyAe9iyAcYGflS9JthRM6kD0jXDkYqOrlN1iNIie8058WaFCvSpj9KjsHSPUXociGgFBUgMtgP8+6ojINE6Xz3efSstyDvIq8ZtcHVeeueFbzlnTE5P6U6JBqc16HBA2p76NokX74wpBtnjju9G+Ep5wuTNYunABPG8+V1z8KQQ8tj/g/30hOo6YDJ8FU/PVTVqKXF2VT63eOMaUEvP5RQ== eductive23@master.thisistheway.ovh\n",
            "region": "SBG5",
            "value_specs": null
          },
          "sensitive_attributes": [],
          "private": "bnVsbA=="
        }
      ]
    },
    {
      "mode": "managed",
      "type": "ovh_cloud_project_network_private_subnet",
      "name": "subnet_gra11",
      "provider": "provider[\"registry.terraform.io/ovh/ovh\"].ovh",
      "instances": []
    },
    {
      "mode": "managed",
      "type": "ovh_cloud_project_network_private_subnet",
      "name": "subnet_sbg5",
      "provider": "provider[\"registry.terraform.io/ovh/ovh\"].ovh",
      "instances": []
    }
  ],
  "check_results": []
}
